
Microsoft Visual Studio Solution File, Format Version 12.00
# Visual Studio Version 17
VisualStudioVersion = 17.0.31919.166
MinimumVisualStudioVersion = 10.0.40219.1
Project("{FAE04EC0-301F-11D3-BF4B-00C04F79EFBC}") = "Engine Game", "Engine Game\Engine Game.csproj", "{FBB45838-4F70-4AB8-85B0-15109CD7673F}"
EndProject
Project("{FAE04EC0-301F-11D3-BF4B-00C04F79EFBC}") = "Visual Interface", "Visual Interface\Visual Interface.csproj", "{2E53E57A-4374-4DB7-B971-FA563FF0CDC5}"
EndProject
Global
	GlobalSection(SolutionConfigurationPlatforms) = preSolution
		Debug|Any CPU = Debug|Any CPU
		Release|Any CPU = Release|Any CPU
	EndGlobalSection
	GlobalSection(ProjectConfigurationPlatforms) = postSolution
		{FBB45838-4F70-4AB8-85B0-15109CD7673F}.Debug|Any CPU.ActiveCfg = Debug|Any CPU
		{FBB45838-4F70-4AB8-85B0-15109CD7673F}.Debug|Any CPU.Build.0 = Debug|Any CPU
		{FBB45838-4F70-4AB8-85B0-15109CD7673F}.Release|Any CPU.ActiveCfg = Release|Any CPU
		{FBB45838-4F70-4AB8-85B0-15109CD7673F}.Release|Any CPU.Build.0 = Release|Any CPU
		{2E53E57A-4374-4DB7-B971-FA563FF0CDC5}.Debug|Any CPU.ActiveCfg = Debug|Any CPU
		{2E53E57A-4374-4DB7-B971-FA563FF0CDC5}.Debug|Any CPU.Build.0 = Debug|Any CPU
		{2E53E57A-4374-4DB7-B971-FA563FF0CDC5}.Release|Any CPU.ActiveCfg = Release|Any CPU
		{2E53E57A-4374-4DB7-B971-FA563FF0CDC5}.Release|Any CPU.Build.0 = Release|Any CPU
	EndGlobalSection
	GlobalSection(SolutionProperties) = preSolution
		HideSolutionNode = FALSE
	EndGlobalSection
	GlobalSection(ExtensibilityGlobals) = postSolution
		SolutionGuid = {3A4ACE0D-F198-4F81-86E1-AF6B28CF696B}
	EndGlobalSection
EndGlobal
